{
  "version": 4,
  "terraform_version": "1.8.3",
  "serial": 31,
  "lineage": "30108a9d-57ed-c903-c860-d865cc70288f",
  "outputs": {},
  "resources": [
    {
      "mode": "data",
      "type": "azurerm_key_vault_secret",
      "name": "GitToken",
      "provider": "provider[\"registry.terraform.io/hashicorp/azurerm\"]",
      "instances": [
        {
          "schema_version": 0,
          "attributes": {
            "content_type": "",
            "expiration_date": null,
            "id": "https://pipelinesecretvalue.vault.azure.net/secrets/GitToken/b21449f69abb47eb93749c5329953097",
            "key_vault_id": "/subscriptions/a2b5154d-0b38-45cb-9eaf-605004184440/resourceGroups/shivampipeline/providers/Microsoft.KeyVault/vaults/pipelineSecretvalue",
            "name": "GitToken",
            "not_before_date": null,
            "resource_id": "/subscriptions/a2b5154d-0b38-45cb-9eaf-605004184440/resourceGroups/shivampipeline/providers/Microsoft.KeyVault/vaults/pipelineSecretvalue/secrets/GitToken/versions/b21449f69abb47eb93749c5329953097",
            "resource_versionless_id": "/subscriptions/a2b5154d-0b38-45cb-9eaf-605004184440/resourceGroups/shivampipeline/providers/Microsoft.KeyVault/vaults/pipelineSecretvalue/secrets/GitToken",
            "tags": {},
            "timeouts": null,
            "value": "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",
            "version": "b21449f69abb47eb93749c5329953097",
            "versionless_id": "https://pipelinesecretvalue.vault.azure.net/secrets/GitToken"
          },
          "sensitive_attributes": [
            [
              {
                "type": "get_attr",
                "value": "value"
              }
            ]
          ]
        }
      ]
    },
    {
      "mode": "data",
      "type": "azurerm_key_vault_secret",
      "name": "organisationPAT",
      "provider": "provider[\"registry.terraform.io/hashicorp/azurerm\"]",
      "instances": [
        {
          "schema_version": 0,
          "attributes": {
            "content_type": "",
            "expiration_date": "2026-05-31T05:18:46Z",
            "id": "https://pipelinesecretvalue.vault.azure.net/secrets/organisationPAT/25ce670f795f4bf5a8140616ed38474a",
            "key_vault_id": "/subscriptions/a2b5154d-0b38-45cb-9eaf-605004184440/resourceGroups/shivampipeline/providers/Microsoft.KeyVault/vaults/pipelineSecretvalue",
            "name": "organisationPAT",
            "not_before_date": "2024-05-31T07:00:12Z",
            "resource_id": "/subscriptions/a2b5154d-0b38-45cb-9eaf-605004184440/resourceGroups/shivampipeline/providers/Microsoft.KeyVault/vaults/pipelineSecretvalue/secrets/organisationPAT/versions/25ce670f795f4bf5a8140616ed38474a",
            "resource_versionless_id": "/subscriptions/a2b5154d-0b38-45cb-9eaf-605004184440/resourceGroups/shivampipeline/providers/Microsoft.KeyVault/vaults/pipelineSecretvalue/secrets/organisationPAT",
            "tags": {},
            "timeouts": null,
            "value": "wspagssxrapo2xwjvdt4557plmjp3pijcr4ah3cc5usjh3y4rh2a",
            "version": "25ce670f795f4bf5a8140616ed38474a",
            "versionless_id": "https://pipelinesecretvalue.vault.azure.net/secrets/organisationPAT"
          },
          "sensitive_attributes": [
            [
              {
                "type": "get_attr",
                "value": "value"
              }
            ]
          ]
        }
      ]
    },
    {
      "mode": "data",
      "type": "azurerm_key_vault_secret",
      "name": "organisationURL",
      "provider": "provider[\"registry.terraform.io/hashicorp/azurerm\"]",
      "instances": [
        {
          "schema_version": 0,
          "attributes": {
            "content_type": "",
            "expiration_date": null,
            "id": "https://pipelinesecretvalue.vault.azure.net/secrets/organisationURL/d461daecc18f43999062cbe53533c60e",
            "key_vault_id": "/subscriptions/a2b5154d-0b38-45cb-9eaf-605004184440/resourceGroups/shivampipeline/providers/Microsoft.KeyVault/vaults/pipelineSecretvalue",
            "name": "organisationURL",
            "not_before_date": null,
            "resource_id": "/subscriptions/a2b5154d-0b38-45cb-9eaf-605004184440/resourceGroups/shivampipeline/providers/Microsoft.KeyVault/vaults/pipelineSecretvalue/secrets/organisationURL/versions/d461daecc18f43999062cbe53533c60e",
            "resource_versionless_id": "/subscriptions/a2b5154d-0b38-45cb-9eaf-605004184440/resourceGroups/shivampipeline/providers/Microsoft.KeyVault/vaults/pipelineSecretvalue/secrets/organisationURL",
            "tags": {},
            "timeouts": null,
            "value": "https://dev.azure.com/rallanraghav/",
            "version": "d461daecc18f43999062cbe53533c60e",
            "versionless_id": "https://pipelinesecretvalue.vault.azure.net/secrets/organisationURL"
          },
          "sensitive_attributes": [
            [
              {
                "type": "get_attr",
                "value": "value"
              }
            ]
          ]
        }
      ]
    },
    {
      "mode": "data",
      "type": "azurerm_resource_group",
      "name": "resource_group",
      "provider": "provider[\"registry.terraform.io/hashicorp/azurerm\"]",
      "instances": [
        {
          "schema_version": 0,
          "attributes": {
            "id": "/subscriptions/a2b5154d-0b38-45cb-9eaf-605004184440/resourceGroups/shivampipeline",
            "location": "eastus",
            "managed_by": "",
            "name": "shivampipeline",
            "tags": {},
            "timeouts": null
          },
          "sensitive_attributes": []
        }
      ]
    },
    {
      "module": "module.github_setup",
      "mode": "managed",
      "type": "azuredevops_serviceendpoint_github",
      "name": "github",
      "provider": "provider[\"registry.terraform.io/microsoft/azuredevops\"]",
      "instances": [
        {
          "schema_version": 0,
          "attributes": {
            "auth_oauth": [],
            "auth_personal": [
              {
                "personal_access_token": "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"
              }
            ],
            "authorization": {
              "scheme": "Token"
            },
            "description": "Managed by Terraform",
            "id": "e85ec326-3a6c-4b23-b8ca-4c18ad794f68",
            "project_id": "677c1e62-aa7a-439f-80b2-5c202ccc392b",
            "service_endpoint_name": "cicd-pipeline",
            "timeouts": null
          },
          "sensitive_attributes": [
            [
              {
                "type": "get_attr",
                "value": "auth_personal"
              }
            ]
          ],
          "private": "eyJlMmJmYjczMC1lY2FhLTExZTYtOGY4OC0zNDM2M2JjN2M0YzAiOnsiY3JlYXRlIjoxMjAwMDAwMDAwMDAsImRlbGV0ZSI6MTIwMDAwMDAwMDAwLCJyZWFkIjo2MDAwMDAwMDAwMCwidXBkYXRlIjoxMjAwMDAwMDAwMDB9fQ==",
          "dependencies": [
            "data.azurerm_key_vault_secret.GitToken",
            "data.azurerm_key_vault_secret.organisationPAT",
            "data.azurerm_key_vault_secret.organisationURL",
            "module.key_vault.azurerm_key_vault.key_vault",
            "module.key_vault.azurerm_resource_group.resource_group",
            "module.key_vault.data.azurerm_client_config.current",
            "module.project.azuredevops_project.project"
          ]
        }
      ]
    },
    {
      "module": "module.key_vault",
      "mode": "data",
      "type": "azurerm_client_config",
      "name": "current",
      "provider": "module.key_vault.provider[\"registry.terraform.io/hashicorp/azurerm\"]",
      "instances": [
        {
          "schema_version": 0,
          "attributes": {
            "client_id": "04b07795-8ddb-461a-bbee-02f9e1bf7b46",
            "id": "Y2xpZW50Q29uZmlncy9jbGllbnRJZD0wNGIwNzc5NS04ZGRiLTQ2MWEtYmJlZS0wMmY5ZTFiZjdiNDY7b2JqZWN0SWQ9MjA1YjBiZmUtOWFiOS00MWM3LTliMTItMjQ2MWZmZDY0OTVhO3N1YnNjcmlwdGlvbklkPWEyYjUxNTRkLTBiMzgtNDVjYi05ZWFmLTYwNTAwNDE4NDQ0MDt0ZW5hbnRJZD0zMjU1YjMzYS0wNzNkLTQ3ZTQtYTRmZS02YWI1OWEzZTY2OGU=",
            "object_id": "205b0bfe-9ab9-41c7-9b12-2461ffd6495a",
            "subscription_id": "a2b5154d-0b38-45cb-9eaf-605004184440",
            "tenant_id": "3255b33a-073d-47e4-a4fe-6ab59a3e668e",
            "timeouts": null
          },
          "sensitive_attributes": []
        }
      ]
    },
    {
      "module": "module.key_vault",
      "mode": "managed",
      "type": "azurerm_key_vault",
      "name": "key_vault",
      "provider": "module.key_vault.provider[\"registry.terraform.io/hashicorp/azurerm\"]",
      "instances": [
        {
          "schema_version": 2,
          "attributes": {
            "access_policy": [
              {
                "application_id": "",
                "certificate_permissions": [],
                "key_permissions": [
                  "Create",
                  "Get"
                ],
                "object_id": "205b0bfe-9ab9-41c7-9b12-2461ffd6495a",
                "secret_permissions": [
                  "Set",
                  "Get",
                  "Delete",
                  "Purge",
                  "Recover",
                  "List"
                ],
                "storage_permissions": [],
                "tenant_id": "3255b33a-073d-47e4-a4fe-6ab59a3e668e"
              }
            ],
            "contact": [],
            "enable_rbac_authorization": false,
            "enabled_for_deployment": false,
            "enabled_for_disk_encryption": false,
            "enabled_for_template_deployment": false,
            "id": "/subscriptions/a2b5154d-0b38-45cb-9eaf-605004184440/resourceGroups/shivampipeline/providers/Microsoft.KeyVault/vaults/pipelineSecretvalue",
            "location": "eastus",
            "name": "pipelineSecretvalue",
            "network_acls": [
              {
                "bypass": "AzureServices",
                "default_action": "Allow",
                "ip_rules": [],
                "virtual_network_subnet_ids": []
              }
            ],
            "public_network_access_enabled": true,
            "purge_protection_enabled": false,
            "resource_group_name": "shivampipeline",
            "sku_name": "premium",
            "soft_delete_retention_days": 7,
            "tags": {},
            "tenant_id": "3255b33a-073d-47e4-a4fe-6ab59a3e668e",
            "timeouts": null,
            "vault_uri": "https://pipelinesecretvalue.vault.azure.net/"
          },
          "sensitive_attributes": [],
          "private": "eyJlMmJmYjczMC1lY2FhLTExZTYtOGY4OC0zNDM2M2JjN2M0YzAiOnsiY3JlYXRlIjoxODAwMDAwMDAwMDAwLCJkZWxldGUiOjE4MDAwMDAwMDAwMDAsInJlYWQiOjMwMDAwMDAwMDAwMCwidXBkYXRlIjoxODAwMDAwMDAwMDAwfSwic2NoZW1hX3ZlcnNpb24iOiIyIn0=",
          "dependencies": [
            "module.key_vault.azurerm_resource_group.resource_group",
            "module.key_vault.data.azurerm_client_config.current"
          ]
        }
      ]
    },
    {
      "module": "module.key_vault",
      "mode": "managed",
      "type": "azurerm_resource_group",
      "name": "resource_group",
      "provider": "module.key_vault.provider[\"registry.terraform.io/hashicorp/azurerm\"]",
      "instances": [
        {
          "schema_version": 0,
          "attributes": {
            "id": "/subscriptions/a2b5154d-0b38-45cb-9eaf-605004184440/resourceGroups/shivampipeline",
            "location": "eastus",
            "managed_by": "",
            "name": "shivampipeline",
            "tags": {},
            "timeouts": null
          },
          "sensitive_attributes": [],
          "private": "eyJlMmJmYjczMC1lY2FhLTExZTYtOGY4OC0zNDM2M2JjN2M0YzAiOnsiY3JlYXRlIjo1NDAwMDAwMDAwMDAwLCJkZWxldGUiOjU0MDAwMDAwMDAwMDAsInJlYWQiOjMwMDAwMDAwMDAwMCwidXBkYXRlIjo1NDAwMDAwMDAwMDAwfX0="
        }
      ]
    },
    {
      "module": "module.key_vault_secret",
      "mode": "managed",
      "type": "azurerm_key_vault_secret",
      "name": "example",
      "provider": "module.key_vault_secret.provider[\"registry.terraform.io/hashicorp/azurerm\"]",
      "instances": [
        {
          "schema_version": 0,
          "attributes": {
            "content_type": "",
            "expiration_date": null,
            "id": "https://pipelinesecretvalue.vault.azure.net/secrets/organisationURL/d461daecc18f43999062cbe53533c60e",
            "key_vault_id": "/subscriptions/a2b5154d-0b38-45cb-9eaf-605004184440/resourceGroups/shivampipeline/providers/Microsoft.KeyVault/vaults/pipelineSecretvalue",
            "name": "organisationURL",
            "not_before_date": null,
            "resource_id": "/subscriptions/a2b5154d-0b38-45cb-9eaf-605004184440/resourceGroups/shivampipeline/providers/Microsoft.KeyVault/vaults/pipelineSecretvalue/secrets/organisationURL/versions/d461daecc18f43999062cbe53533c60e",
            "resource_versionless_id": "/subscriptions/a2b5154d-0b38-45cb-9eaf-605004184440/resourceGroups/shivampipeline/providers/Microsoft.KeyVault/vaults/pipelineSecretvalue/secrets/organisationURL",
            "tags": {},
            "timeouts": null,
            "value": "https://dev.azure.com/rallanraghav/",
            "version": "d461daecc18f43999062cbe53533c60e",
            "versionless_id": "https://pipelinesecretvalue.vault.azure.net/secrets/organisationURL"
          },
          "sensitive_attributes": [
            [
              {
                "type": "get_attr",
                "value": "value"
              }
            ]
          ],
          "private": "eyJlMmJmYjczMC1lY2FhLTExZTYtOGY4OC0zNDM2M2JjN2M0YzAiOnsiY3JlYXRlIjoxODAwMDAwMDAwMDAwLCJkZWxldGUiOjE4MDAwMDAwMDAwMDAsInJlYWQiOjE4MDAwMDAwMDAwMDAsInVwZGF0ZSI6MTgwMDAwMDAwMDAwMH19",
          "dependencies": [
            "module.key_vault.azurerm_key_vault.key_vault",
            "module.key_vault.azurerm_resource_group.resource_group",
            "module.key_vault.data.azurerm_client_config.current"
          ]
        }
      ]
    },
    {
      "module": "module.pipeline",
      "mode": "managed",
      "type": "azuredevops_build_definition",
      "name": "azuredevops_build",
      "provider": "provider[\"registry.terraform.io/microsoft/azuredevops\"]",
      "instances": [
        {
          "schema_version": 0,
          "attributes": {
            "agent_pool_name": "Azure Pipelines",
            "ci_trigger": [
              {
                "override": [],
                "use_yaml": true
              }
            ],
            "features": [],
            "id": "5",
            "name": "azure_pipeline",
            "path": "\\",
            "project_id": "677c1e62-aa7a-439f-80b2-5c202ccc392b",
            "pull_request_trigger": [],
            "queue_status": "enabled",
            "repository": [
              {
                "branch_name": "master",
                "github_enterprise_url": "",
                "repo_id": "Shivam5168/React",
                "repo_type": "GitHub",
                "report_build_status": true,
                "service_connection_id": "e85ec326-3a6c-4b23-b8ca-4c18ad794f68",
                "yml_path": "cicd_pipeline.yml"
              }
            ],
            "revision": 6,
            "schedules": [
              {
                "branch_filter": [
                  {
                    "exclude": [
                      "regression",
                      "test"
                    ],
                    "include": [
                      "master"
                    ]
                  }
                ],
                "days_to_build": [
                  "Wed",
                  "Sun"
                ],
                "schedule_job_id": "00c9ec55-3cd6-44cb-88ab-bec6a719dd55",
                "schedule_only_with_changes": true,
                "start_hours": 0,
                "start_minutes": 0,
                "time_zone": "(UTC) Coordinated Universal Time"
              }
            ],
            "variable": [],
            "variable_groups": []
          },
          "sensitive_attributes": [],
          "private": "bnVsbA==",
          "dependencies": [
            "data.azurerm_key_vault_secret.GitToken",
            "data.azurerm_key_vault_secret.organisationPAT",
            "data.azurerm_key_vault_secret.organisationURL",
            "module.github_setup.azuredevops_serviceendpoint_github.github",
            "module.key_vault.azurerm_key_vault.key_vault",
            "module.key_vault.azurerm_resource_group.resource_group",
            "module.key_vault.data.azurerm_client_config.current",
            "module.project.azuredevops_project.project"
          ]
        }
      ]
    },
    {
      "module": "module.project",
      "mode": "managed",
      "type": "azuredevops_project",
      "name": "project",
      "provider": "provider[\"registry.terraform.io/microsoft/azuredevops\"]",
      "instances": [
        {
          "schema_version": 0,
          "attributes": {
            "description": "",
            "features": {},
            "id": "677c1e62-aa7a-439f-80b2-5c202ccc392b",
            "name": "cicd_pipeline_shivam_project",
            "process_template_id": "adcc42ab-9882-485e-a3ed-7678f01f66bc",
            "timeouts": null,
            "version_control": "Git",
            "visibility": "private",
            "work_item_template": "Agile"
          },
          "sensitive_attributes": [],
          "private": "eyJlMmJmYjczMC1lY2FhLTExZTYtOGY4OC0zNDM2M2JjN2M0YzAiOnsiY3JlYXRlIjo2MDAwMDAwMDAwMDAsImRlbGV0ZSI6NjAwMDAwMDAwMDAwLCJyZWFkIjozMDAwMDAwMDAwMDAsInVwZGF0ZSI6NjAwMDAwMDAwMDAwfX0=",
          "dependencies": [
            "data.azurerm_key_vault_secret.organisationPAT",
            "data.azurerm_key_vault_secret.organisationURL",
            "module.key_vault.azurerm_key_vault.key_vault",
            "module.key_vault.azurerm_resource_group.resource_group",
            "module.key_vault.data.azurerm_client_config.current"
          ]
        }
      ]
    },
    {
      "module": "module.web_app",
      "mode": "managed",
      "type": "azurerm_static_web_app",
      "name": "example",
      "provider": "provider[\"registry.terraform.io/hashicorp/azurerm\"]",
      "instances": [
        {
          "schema_version": 0,
          "attributes": {
            "api_key": "a610ee6f9445d94153f964960bf7813f554ceaac4a8a31d8336eec514eda81b55-332df593-0b8e-4e2e-9d54-ea567dd41e9d00f248187",
            "app_settings": {},
            "basic_auth": [],
            "configuration_file_changes_enabled": true,
            "default_host_name": "black-stone-0a2a9b30f.5.azurestaticapps.net",
            "id": "/subscriptions/a2b5154d-0b38-45cb-9eaf-605004184440/resourceGroups/shivampipeline/providers/Microsoft.Web/staticSites/shivam00121",
            "identity": [],
            "location": "eastus2",
            "name": "shivam00121",
            "preview_environments_enabled": true,
            "resource_group_name": "shivampipeline",
            "sku_size": "Free",
            "sku_tier": "Free",
            "tags": {},
            "timeouts": null
          },
          "sensitive_attributes": [
            [
              {
                "type": "get_attr",
                "value": "api_key"
              }
            ]
          ],
          "private": "eyJlMmJmYjczMC1lY2FhLTExZTYtOGY4OC0zNDM2M2JjN2M0YzAiOnsiY3JlYXRlIjoxODAwMDAwMDAwMDAwLCJkZWxldGUiOjE4MDAwMDAwMDAwMDAsInJlYWQiOjMwMDAwMDAwMDAwMCwidXBkYXRlIjoxODAwMDAwMDAwMDAwfX0=",
          "dependencies": [
            "data.azurerm_resource_group.resource_group"
          ]
        }
      ]
    }
  ],
  "check_results": null
}
